
Microsoft Visual Studio Solution File, Format Version 12.00
# Visual Studio Version 17
VisualStudioVersion = 17.14.36623.8 d17.14
MinimumVisualStudioVersion = 10.0.40219.1
Project("{FAE04EC0-301F-11D3-BF4B-00C04F79EFBC}") = "FitnessClub.Orders", "FitnessClub.Orders\FitnessClub.Orders.csproj", "{4F2742E4-4C8C-437C-B21D-FC7A47D7D881}"
EndProject
Global
	GlobalSection(SolutionConfigurationPlatforms) = preSolution
		Debug|Any CPU = Debug|Any CPU
		Release|Any CPU = Release|Any CPU
	EndGlobalSection
	GlobalSection(ProjectConfigurationPlatforms) = postSolution
		{4F2742E4-4C8C-437C-B21D-FC7A47D7D881}.Debug|Any CPU.ActiveCfg = Debug|Any CPU
		{4F2742E4-4C8C-437C-B21D-FC7A47D7D881}.Debug|Any CPU.Build.0 = Debug|Any CPU
		{4F2742E4-4C8C-437C-B21D-FC7A47D7D881}.Release|Any CPU.ActiveCfg = Release|Any CPU
		{4F2742E4-4C8C-437C-B21D-FC7A47D7D881}.Release|Any CPU.Build.0 = Release|Any CPU
	EndGlobalSection
	GlobalSection(SolutionProperties) = preSolution
		HideSolutionNode = FALSE
	EndGlobalSection
	GlobalSection(ExtensibilityGlobals) = postSolution
		SolutionGuid = {5B9A1A19-F7E4-4E3C-934D-4968D3855730}
	EndGlobalSection
EndGlobal
